
Microsoft Visual Studio Solution File, Format Version 12.00
# Visual Studio Version 16
VisualStudioVersion = 25.0.1700.0
MinimumVisualStudioVersion = 10.0.40219.1
Project("{FAE04EC0-301F-11D3-BF4B-00C04F79EFBC}") = "HotelBookings", "HotelBookings\HotelBookings.csproj", "{DA31D180-7E03-41F1-83C4-457355A94A96}"
EndProject
Project("{FAE04EC0-301F-11D3-BF4B-00C04F79EFBC}") = "HotelBookings.Test", "HotelBookings.Test\HotelBookings.Test.csproj", "{45222DD8-0A4A-4B61-A764-694C7D629B62}"
EndProject
Global
	GlobalSection(SolutionConfigurationPlatforms) = preSolution
		Debug|Any CPU = Debug|Any CPU
		Release|Any CPU = Release|Any CPU
	EndGlobalSection
	GlobalSection(ProjectConfigurationPlatforms) = postSolution
		{DA31D180-7E03-41F1-83C4-457355A94A96}.Debug|Any CPU.ActiveCfg = Debug|Any CPU
		{DA31D180-7E03-41F1-83C4-457355A94A96}.Debug|Any CPU.Build.0 = Debug|Any CPU
		{DA31D180-7E03-41F1-83C4-457355A94A96}.Release|Any CPU.ActiveCfg = Release|Any CPU
		{DA31D180-7E03-41F1-83C4-457355A94A96}.Release|Any CPU.Build.0 = Release|Any CPU
		{45222DD8-0A4A-4B61-A764-694C7D629B62}.Debug|Any CPU.ActiveCfg = Debug|Any CPU
		{45222DD8-0A4A-4B61-A764-694C7D629B62}.Debug|Any CPU.Build.0 = Debug|Any CPU
		{45222DD8-0A4A-4B61-A764-694C7D629B62}.Release|Any CPU.ActiveCfg = Release|Any CPU
		{45222DD8-0A4A-4B61-A764-694C7D629B62}.Release|Any CPU.Build.0 = Release|Any CPU
	EndGlobalSection
	GlobalSection(SolutionProperties) = preSolution
		HideSolutionNode = FALSE
	EndGlobalSection
	GlobalSection(ExtensibilityGlobals) = postSolution
		SolutionGuid = {3C09704D-8C99-47C8-B1D0-5523E7469160}
	EndGlobalSection
EndGlobal
